{
  "name": "saving-images-with-capacitor",
  "lockfileVersion": 3,
  "requires": true,
  "packages": {
    "": {
      "dependencies": {
        "@capacitor/camera": "^5.0.2",
        "@capacitor/filesystem": "^5.0.2",
        "@capacitor/preferences": "^5.0.2",
        "@ionic/pwa-elements": "^3.1.1"
      }
    },
    "node_modules/@capacitor/camera": {
      "version": "5.0.2",
      "resolved": "https://registry.npmjs.org/@capacitor/camera/-/camera-5.0.2.tgz",
      "integrity": "sha512-XX8fQltyAPtHxoNcf7pITmRD10ERemduzda97MRd+oND+6hEqJ3vVlNjNy0uK2qjnageolw+7zJhA9PhBqMWfQ==",
      "peerDependencies": {
        "@capacitor/core": "^5.0.0"
      }
    },
    "node_modules/@capacitor/core": {
      "version": "5.0.2",
      "resolved": "https://registry.npmjs.org/@capacitor/core/-/core-5.0.2.tgz",
      "integrity": "sha512-gqRHQQcxIvIYI102HCu2EievnkJ7IksBIFNK17f7PdPi/HmOxZLeJkJBMxnEE31S8MJqGCT63a6JwQ2jr/J9AA==",
      "peer": true,
      "dependencies": {
        "tslib": "^2.1.0"
      }
    },
    "node_modules/@capacitor/filesystem": {
      "version": "5.0.2",
      "resolved": "https://registry.npmjs.org/@capacitor/filesystem/-/filesystem-5.0.2.tgz",
      "integrity": "sha512-seAyASEPhHzpJRap+zZRzvcY+R4LSgMgiKCzen8aReGM5+l6ZFENnzCIeHL4ib5HEMMI4s/sbPGpcwpMndfDdA==",
      "peerDependencies": {
        "@capacitor/core": "^5.0.0"
      }
    },
    "node_modules/@capacitor/preferences": {
      "version": "5.0.2",
      "resolved": "https://registry.npmjs.org/@capacitor/preferences/-/preferences-5.0.2.tgz",
      "integrity": "sha512-NOBA4TFC9sq0UU13dKHCDqNsD3X5TGPFgtGvRcJorBvbllUwMMBAbkjF5iCVsoenAN55d77Qh9wXufewdMpXjg==",
      "peerDependencies": {
        "@capacitor/core": "^5.0.0"
      }
    },
    "node_modules/@ionic/pwa-elements": {
      "version": "3.1.1",
      "resolved": "https://registry.npmjs.org/@ionic/pwa-elements/-/pwa-elements-3.1.1.tgz",
      "integrity": "sha512-BoEX1pSrKn5dP4VQwaf8DweAmT4ynmpW+9f6oj/W1xLe54bmuXcUY07ziuZX1DLu50xHSYcO5qJ/dbYC/w6wgA=="
    },
    "node_modules/tslib": {
      "version": "2.5.0",
      "resolved": "https://registry.npmjs.org/tslib/-/tslib-2.5.0.tgz",
      "integrity": "sha512-336iVw3rtn2BUK7ORdIAHTyxHGRIHVReokCR3XjbckJMK7ms8FysBfhLR8IXnAgy7T0PTPNBWKiH514FOW/WSg==",
      "peer": true
    }
  }
}
